// !$*UTF8*$!
{
	archiveVersion = 1;
	classes = {
	};
	objectVersion = 46;
	objects = {

/* Begin PBXBuildFile section */
		63D8A75F1E694E5C007E1DEC /* main.m in Sources */ = {isa = PBXBuildFile; fileRef = 63D8A75E1E694E5C007E1DEC /* main.m */; };
		63D8A7621E694E5C007E1DEC /* AppDelegate.m in Sources */ = {isa = PBXBuildFile; fileRef = 63D8A7611E694E5C007E1DEC /* AppDelegate.m */; };
		63D8A7651E694E5C007E1DEC /* ViewController.m in Sources */ = {isa = PBXBuildFile; fileRef = 63D8A7641E694E5C007E1DEC /* ViewController.m */; };
		63D8A7681E694E5C007E1DEC /* Main.storyboard in Resources */ = {isa = PBXBuildFile; fileRef = 63D8A7661E694E5C007E1DEC /* Main.storyboard */; };
		63D8A76A1E694E5C007E1DEC /* Assets.xcassets in Resources */ = {isa = PBXBuildFile; fileRef = 63D8A7691E694E5C007E1DEC /* Assets.xcassets */; };
		63D8A76D1E694E5C007E1DEC /* LaunchScreen.storyboard in Resources */ = {isa = PBXBuildFile; fileRef = 63D8A76B1E694E5C007E1DEC /* LaunchScreen.storyboard */; };
		63D8A7781E694E5C007E1DEC /* TRZXRongIM_TestTests.m in Sources */ = {isa = PBXBuildFile; fileRef = 63D8A7771E694E5C007E1DEC /* TRZXRongIM_TestTests.m */; };
		63D8A7831E694E5C007E1DEC /* TRZXRongIM_TestUITests.m in Sources */ = {isa = PBXBuildFile; fileRef = 63D8A7821E694E5C007E1DEC /* TRZXRongIM_TestUITests.m */; };
		63D8A7931E694EC1007E1DEC /* TRZXRongIM_Test.m in Sources */ = {isa = PBXBuildFile; fileRef = 63D8A7921E694EC1007E1DEC /* TRZXRongIM_Test.m */; };
		B962CBCA7531F714169E07FB /* Pods_TRZXRongIM_Test.framework in Frameworks */ = {isa = PBXBuildFile; fileRef = F1982019C3788E755555B39D /* Pods_TRZXRongIM_Test.framework */; };
/* End PBXBuildFile section */

/* Begin PBXContainerItemProxy section */
		63D8A7741E694E5C007E1DEC /* PBXContainerItemProxy */ = {
			isa = PBXContainerItemProxy;
			containerPortal = 63D8A7521E694E5C007E1DEC /* Project object */;
			proxyType = 1;
			remoteGlobalIDString = 63D8A7591E694E5C007E1DEC;
			remoteInfo = TRZXRongIM_Test;
		};
		63D8A77F1E694E5C007E1DEC /* PBXContainerItemProxy */ = {
			isa = PBXContainerItemProxy;
			containerPortal = 63D8A7521E694E5C007E1DEC /* Project object */;
			proxyType = 1;
			remoteGlobalIDString = 63D8A7591E694E5C007E1DEC;
			remoteInfo = TRZXRongIM_Test;
		};
/* End PBXContainerItemProxy section */

/* Begin PBXFileReference section */
		3878179CD23DD3961702602C /* Pods-TRZXRongIM_Test.debug.xcconfig */ = {isa = PBXFileReference; includeInIndex = 1; lastKnownFileType = text.xcconfig; name = "Pods-TRZXRongIM_Test.debug.xcconfig"; path = "Pods/Target Support Files/Pods-TRZXRongIM_Test/Pods-TRZXRongIM_Test.debug.xcconfig"; sourceTree = "<group>"; };
		63D8A75A1E694E5C007E1DEC /* TRZXRongIM_Test.app */ = {isa = PBXFileReference; explicitFileType = wrapper.application; includeInIndex = 0; path = TRZXRongIM_Test.app; sourceTree = BUILT_PRODUCTS_DIR; };
		63D8A75E1E694E5C007E1DEC /* main.m */ = {isa = PBXFileReference; lastKnownFileType = sourcecode.c.objc; path = main.m; sourceTree = "<group>"; };
		63D8A7601E694E5C007E1DEC /* AppDelegate.h */ = {isa = PBXFileReference; lastKnownFileType = sourcecode.c.h; path = AppDelegate.h; sourceTree = "<group>"; };
		63D8A7611E694E5C007E1DEC /* AppDelegate.m */ = {isa = PBXFileReference; lastKnownFileType = sourcecode.c.objc; path = AppDelegate.m; sourceTree = "<group>"; };
		63D8A7631E694E5C007E1DEC /* ViewController.h */ = {isa = PBXFileReference; lastKnownFileType = sourcecode.c.h; path = ViewController.h; sourceTree = "<group>"; };
		63D8A7641E694E5C007E1DEC /* ViewController.m */ = {isa = PBXFileReference; lastKnownFileType = sourcecode.c.objc; path = ViewController.m; sourceTree = "<group>"; };
		63D8A7671E694E5C007E1DEC /* Base */ = {isa = PBXFileReference; lastKnownFileType = file.storyboard; name = Base; path = Base.lproj/Main.storyboard; sourceTree = "<group>"; };
		63D8A7691E694E5C007E1DEC /* Assets.xcassets */ = {isa = PBXFileReference; lastKnownFileType = folder.assetcatalog; path = Assets.xcassets; sourceTree = "<group>"; };
		63D8A76C1E694E5C007E1DEC /* Base */ = {isa = PBXFileReference; lastKnownFileType = file.storyboard; name = Base; path = Base.lproj/LaunchScreen.storyboard; sourceTree = "<group>"; };
		63D8A76E1E694E5C007E1DEC /* Info.plist */ = {isa = PBXFileReference; lastKnownFileType = text.plist.xml; path = Info.plist; sourceTree = "<group>"; };
		63D8A7731E694E5C007E1DEC /* TRZXRongIM_TestTests.xctest */ = {isa = PBXFileReference; explicitFileType = wrapper.cfbundle; includeInIndex = 0; path = TRZXRongIM_TestTests.xctest; sourceTree = BUILT_PRODUCTS_DIR; };
		63D8A7771E694E5C007E1DEC /* TRZXRongIM_TestTests.m */ = {isa = PBXFileReference; lastKnownFileType = sourcecode.c.objc; path = TRZXRongIM_TestTests.m; sourceTree = "<group>"; };
		63D8A7791E694E5C007E1DEC /* Info.plist */ = {isa = PBXFileReference; lastKnownFileType = text.plist.xml; path = Info.plist; sourceTree = "<group>"; };
		63D8A77E1E694E5C007E1DEC /* TRZXRongIM_TestUITests.xctest */ = {isa = PBXFileReference; explicitFileType = wrapper.cfbundle; includeInIndex = 0; path = TRZXRongIM_TestUITests.xctest; sourceTree = BUILT_PRODUCTS_DIR; };
		63D8A7821E694E5C007E1DEC /* TRZXRongIM_TestUITests.m */ = {isa = PBXFileReference; lastKnownFileType = sourcecode.c.objc; path = TRZXRongIM_TestUITests.m; sourceTree = "<group>"; };
		63D8A7841E694E5C007E1DEC /* Info.plist */ = {isa = PBXFileReference; lastKnownFileType = text.plist.xml; path = Info.plist; sourceTree = "<group>"; };
		63D8A7911E694EC1007E1DEC /* TRZXRongIM_Test.h */ = {isa = PBXFileReference; fileEncoding = 4; lastKnownFileType = sourcecode.c.h; path = TRZXRongIM_Test.h; sourceTree = "<group>"; };
		63D8A7921E694EC1007E1DEC /* TRZXRongIM_Test.m */ = {isa = PBXFileReference; fileEncoding = 4; lastKnownFileType = sourcecode.c.objc; path = TRZXRongIM_Test.m; sourceTree = "<group>"; };
		9E718F3C162B64E1239406D1 /* Pods-TRZXRongIM_Test.release.xcconfig */ = {isa = PBXFileReference; includeInIndex = 1; lastKnownFileType = text.xcconfig; name = "Pods-TRZXRongIM_Test.release.xcconfig"; path = "Pods/Target Support Files/Pods-TRZXRongIM_Test/Pods-TRZXRongIM_Test.release.xcconfig"; sourceTree = "<group>"; };
		F1982019C3788E755555B39D /* Pods_TRZXRongIM_Test.framework */ = {isa = PBXFileReference; explicitFileType = wrapper.framework; includeInIndex = 0; path = Pods_TRZXRongIM_Test.framework; sourceTree = BUILT_PRODUCTS_DIR; };
/* End PBXFileReference section */

/* Begin PBXFrameworksBuildPhase section */
		63D8A7571E694E5C007E1DEC /* Frameworks */ = {
			isa = PBXFrameworksBuildPhase;
			buildActionMask = 2147483647;
			files = (
				B962CBCA7531F714169E07FB /* Pods_TRZXRongIM_Test.framework in Frameworks */,
			);
			runOnlyForDeploymentPostprocessing = 0;
		};
		63D8A7701E694E5C007E1DEC /* Frameworks */ = {
			isa = PBXFrameworksBuildPhase;
			buildActionMask = 2147483647;
			files = (
			);
			runOnlyForDeploymentPostprocessing = 0;
		};
		63D8A77B1E694E5C007E1DEC /* Frameworks */ = {
			isa = PBXFrameworksBuildPhase;
			buildActionMask = 2147483647;
			files = (
			);
			runOnlyForDeploymentPostprocessing = 0;
		};
/* End PBXFrameworksBuildPhase section */

/* Begin PBXGroup section */
		1AD3FBEBCA354D8D338DBB27 /* Pods */ = {
			isa = PBXGroup;
			children = (
				3878179CD23DD3961702602C /* Pods-TRZXRongIM_Test.debug.xcconfig */,
				9E718F3C162B64E1239406D1 /* Pods-TRZXRongIM_Test.release.xcconfig */,
			);
			name = Pods;
			sourceTree = "<group>";
		};
		63D8A7511E694E5C007E1DEC = {
			isa = PBXGroup;
			children = (
				63D8A75C1E694E5C007E1DEC /* TRZXRongIM_Test */,
				63D8A7761E694E5C007E1DEC /* TRZXRongIM_TestTests */,
				63D8A7811E694E5C007E1DEC /* TRZXRongIM_TestUITests */,
				63D8A75B1E694E5C007E1DEC /* Products */,
				1AD3FBEBCA354D8D338DBB27 /* Pods */,
				7AFA8D96E5FC9187C00D8F86 /* Frameworks */,
			);
			sourceTree = "<group>";
		};
		63D8A75B1E694E5C007E1DEC /* Products */ = {
			isa = PBXGroup;
			children = (
				63D8A75A1E694E5C007E1DEC /* TRZXRongIM_Test.app */,
				63D8A7731E694E5C007E1DEC /* TRZXRongIM_TestTests.xctest */,
				63D8A77E1E694E5C007E1DEC /* TRZXRongIM_TestUITests.xctest */,
			);
			name = Products;
			sourceTree = "<group>";
		};
		63D8A75C1E694E5C007E1DEC /* TRZXRongIM_Test */ = {
			isa = PBXGroup;
			children = (
				63D8A7901E694EB2007E1DEC /* TRZXRongIM_Test */,
				63D8A7601E694E5C007E1DEC /* AppDelegate.h */,
				63D8A7611E694E5C007E1DEC /* AppDelegate.m */,
				63D8A7631E694E5C007E1DEC /* ViewController.h */,
				63D8A7641E694E5C007E1DEC /* ViewController.m */,
				63D8A7661E694E5C007E1DEC /* Main.storyboard */,
				63D8A7691E694E5C007E1DEC /* Assets.xcassets */,
				63D8A76B1E694E5C007E1DEC /* LaunchScreen.storyboard */,
				63D8A76E1E694E5C007E1DEC /* Info.plist */,
				63D8A75D1E694E5C007E1DEC /* Supporting Files */,
			);
			path = TRZXRongIM_Test;
			sourceTree = "<group>";
		};
		63D8A75D1E694E5C007E1DEC /* Supporting Files */ = {
			isa = PBXGroup;
			children = (
				63D8A75E1E694E5C007E1DEC /* main.m */,
			);
			name = "Supporting Files";
			sourceTree = "<group>";
		};
		63D8A7761E694E5C007E1DEC /* TRZXRongIM_TestTests */ = {
			isa = PBXGroup;
			children = (
				63D8A7771E694E5C007E1DEC /* TRZXRongIM_TestTests.m */,
				63D8A7791E694E5C007E1DEC /* Info.plist */,
			);
			path = TRZXRongIM_TestTests;
			sourceTree = "<group>";
		};
		63D8A7811E694E5C007E1DEC /* TRZXRongIM_TestUITests */ = {
			isa = PBXGroup;
			children = (
				63D8A7821E694E5C007E1DEC /* TRZXRongIM_TestUITests.m */,
				63D8A7841E694E5C007E1DEC /* Info.plist */,
			);
			path = TRZXRongIM_TestUITests;
			sourceTree = "<group>";
		};
		63D8A7901E694EB2007E1DEC /* TRZXRongIM_Test */ = {
			isa = PBXGroup;
			children = (
				63D8A7911E694EC1007E1DEC /* TRZXRongIM_Test.h */,
				63D8A7921E694EC1007E1DEC /* TRZXRongIM_Test.m */,
			);
			path = TRZXRongIM_Test;
			sourceTree = "<group>";
		};
		7AFA8D96E5FC9187C00D8F86 /* Frameworks */ = {
			isa = PBXGroup;
			children = (
				F1982019C3788E755555B39D /* Pods_TRZXRongIM_Test.framework */,
			);
			name = Frameworks;
			sourceTree = "<group>";
		};
/* End PBXGroup section */

/* Begin PBXNativeTarget section */
		63D8A7591E694E5C007E1DEC /* TRZXRongIM_Test */ = {
			isa = PBXNativeTarget;
			buildConfigurationList = 63D8A7871E694E5C007E1DEC /* Build configuration list for PBXNativeTarget "TRZXRongIM_Test" */;
			buildPhases = (
				33F7ACDCD5B784AB78A8DCE6 /* [CP] Check Pods Manifest.lock */,
				63D8A7561E694E5C007E1DEC /* Sources */,
				63D8A7571E694E5C007E1DEC /* Frameworks */,
				63D8A7581E694E5C007E1DEC /* Resources */,
				0DEB43D317F3DEBCD957E175 /* [CP] Embed Pods Frameworks */,
				60402E5A1DC5720DE5E6EA3D /* [CP] Copy Pods Resources */,
			);
			buildRules = (
			);
			dependencies = (
			);
			name = TRZXRongIM_Test;
			productName = TRZXRongIM_Test;
			productReference = 63D8A75A1E694E5C007E1DEC /* TRZXRongIM_Test.app */;
			productType = "com.apple.product-type.application";
		};
		63D8A7721E694E5C007E1DEC /* TRZXRongIM_TestTests */ = {
			isa = PBXNativeTarget;
			buildConfigurationList = 63D8A78A1E694E5C007E1DEC /* Build configuration list for PBXNativeTarget "TRZXRongIM_TestTests" */;
			buildPhases = (
				63D8A76F1E694E5C007E1DEC /* Sources */,
				63D8A7701E694E5C007E1DEC /* Frameworks */,
				63D8A7711E694E5C007E1DEC /* Resources */,
			);
			buildRules = (
			);
			dependencies = (
				63D8A7751E694E5C007E1DEC /* PBXTargetDependency */,
			);
			name = TRZXRongIM_TestTests;
			productName = TRZXRongIM_TestTests;
			productReference = 63D8A7731E694E5C007E1DEC /* TRZXRongIM_TestTests.xctest */;
			productType = "com.apple.product-type.bundle.unit-test";
		};
		63D8A77D1E694E5C007E1DEC /* TRZXRongIM_TestUITests */ = {
			isa = PBXNativeTarget;
			buildConfigurationList = 63D8A78D1E694E5C007E1DEC /* Build configuration list for PBXNativeTarget "TRZXRongIM_TestUITests" */;
			buildPhases = (
				63D8A77A1E694E5C007E1DEC /* Sources */,
				63D8A77B1E694E5C007E1DEC /* Frameworks */,
				63D8A77C1E694E5C007E1DEC /* Resources */,
			);
			buildRules = (
			);
			dependencies = (
				63D8A7801E694E5C007E1DEC /* PBXTargetDependency */,
			);
			name = TRZXRongIM_TestUITests;
			productName = TRZXRongIM_TestUITests;
			productReference = 63D8A77E1E694E5C007E1DEC /* TRZXRongIM_TestUITests.xctest */;
			productType = "com.apple.product-type.bundle.ui-testing";
		};
/* End PBXNativeTarget section */

/* Begin PBXProject section */
		63D8A7521E694E5C007E1DEC /* Project object */ = {
			isa = PBXProject;
			attributes = {
				LastUpgradeCheck = 0800;
				ORGANIZATIONNAME = "移动微";
				TargetAttributes = {
					63D8A7591E694E5C007E1DEC = {
						CreatedOnToolsVersion = 8.0;
						DevelopmentTeam = CKV6XJ8B2K;
						ProvisioningStyle = Automatic;
					};
					63D8A7721E694E5C007E1DEC = {
						CreatedOnToolsVersion = 8.0;
						ProvisioningStyle = Automatic;
						TestTargetID = 63D8A7591E694E5C007E1DEC;
					};
					63D8A77D1E694E5C007E1DEC = {
						CreatedOnToolsVersion = 8.0;
						ProvisioningStyle = Automatic;
						TestTargetID = 63D8A7591E694E5C007E1DEC;
					};
				};
			};
			buildConfigurationList = 63D8A7551E694E5C007E1DEC /* Build configuration list for PBXProject "TRZXRongIM_Test" */;
			compatibilityVersion = "Xcode 3.2";
			developmentRegion = English;
			hasScannedForEncodings = 0;
			knownRegions = (
				en,
				Base,
			);
			mainGroup = 63D8A7511E694E5C007E1DEC;
			productRefGroup = 63D8A75B1E694E5C007E1DEC /* Products */;
			projectDirPath = "";
			projectRoot = "";
			targets = (
				63D8A7591E694E5C007E1DEC /* TRZXRongIM_Test */,
				63D8A7721E694E5C007E1DEC /* TRZXRongIM_TestTests */,
				63D8A77D1E694E5C007E1DEC /* TRZXRongIM_TestUITests */,
			);
		};
/* End PBXProject section */

/* Begin PBXResourcesBuildPhase section */
		63D8A7581E694E5C007E1DEC /* Resources */ = {
			isa = PBXResourcesBuildPhase;
			buildActionMask = 2147483647;
			files = (
				63D8A76D1E694E5C007E1DEC /* LaunchScreen.storyboard in Resources */,
				63D8A76A1E694E5C007E1DEC /* Assets.xcassets in Resources */,
				63D8A7681E694E5C007E1DEC /* Main.storyboard in Resources */,
			);
			runOnlyForDeploymentPostprocessing = 0;
		};
		63D8A7711E694E5C007E1DEC /* Resources */ = {
			isa = PBXResourcesBuildPhase;
			buildActionMask = 2147483647;
			files = (
			);
			runOnlyForDeploymentPostprocessing = 0;
		};
		63D8A77C1E694E5C007E1DEC /* Resources */ = {
			isa = PBXResourcesBuildPhase;
			buildActionMask = 2147483647;
			files = (
			);
			runOnlyForDeploymentPostprocessing = 0;
		};
/* End PBXResourcesBuildPhase section */

/* Begin PBXShellScriptBuildPhase section */
		0DEB43D317F3DEBCD957E175 /* [CP] Embed Pods Frameworks */ = {
			isa = PBXShellScriptBuildPhase;
			buildActionMask = 2147483647;
			files = (
			);
			inputPaths = (
			);
			name = "[CP] Embed Pods Frameworks";
			outputPaths = (
			);
			runOnlyForDeploymentPostprocessing = 0;
			shellPath = /bin/sh;
			shellScript = "\"${SRCROOT}/Pods/Target Support Files/Pods-TRZXRongIM_Test/Pods-TRZXRongIM_Test-frameworks.sh\"\n";
			showEnvVarsInLog = 0;
		};
		33F7ACDCD5B784AB78A8DCE6 /* [CP] Check Pods Manifest.lock */ = {
			isa = PBXShellScriptBuildPhase;
			buildActionMask = 2147483647;
			files = (
			);
			inputPaths = (
			);
			name = "[CP] Check Pods Manifest.lock";
			outputPaths = (
			);
			runOnlyForDeploymentPostprocessing = 0;
			shellPath = /bin/sh;
			shellScript = "diff \"${PODS_ROOT}/../Podfile.lock\" \"${PODS_ROOT}/Manifest.lock\" > /dev/null\nif [ $? != 0 ] ; then\n    # print error to STDERR\n    echo \"error: The sandbox is not in sync with the Podfile.lock. Run 'pod install' or update your CocoaPods installation.\" >&2\n    exit 1\nfi\n";
			showEnvVarsInLog = 0;
		};
		60402E5A1DC5720DE5E6EA3D /* [CP] Copy Pods Resources */ = {
			isa = PBXShellScriptBuildPhase;
			buildActionMask = 2147483647;
			files = (
			);
			inputPaths = (
			);
			name = "[CP] Copy Pods Resources";
			outputPaths = (
			);
			runOnlyForDeploymentPostprocessing = 0;
			shellPath = /bin/sh;
			shellScript = "\"${SRCROOT}/Pods/Target Support Files/Pods-TRZXRongIM_Test/Pods-TRZXRongIM_Test-resources.sh\"\n";
			showEnvVarsInLog = 0;
		};
/* End PBXShellScriptBuildPhase section */

/* Begin PBXSourcesBuildPhase section */
		63D8A7561E694E5C007E1DEC /* Sources */ = {
			isa = PBXSourcesBuildPhase;
			buildActionMask = 2147483647;
			files = (
				63D8A7651E694E5C007E1DEC /* ViewController.m in Sources */,
				63D8A7621E694E5C007E1DEC /* AppDelegate.m in Sources */,
				63D8A75F1E694E5C007E1DEC /* main.m in Sources */,
				63D8A7931E694EC1007E1DEC /* TRZXRongIM_Test.m in Sources */,
			);
			runOnlyForDeploymentPostprocessing = 0;
		};
		63D8A76F1E694E5C007E1DEC /* Sources */ = {
			isa = PBXSourcesBuildPhase;
			buildActionMask = 2147483647;
			files = (
				63D8A7781E694E5C007E1DEC /* TRZXRongIM_TestTests.m in Sources */,
			);
			runOnlyForDeploymentPostprocessing = 0;
		};
		63D8A77A1E694E5C007E1DEC /* Sources */ = {
			isa = PBXSourcesBuildPhase;
			buildActionMask = 2147483647;
			files = (
				63D8A7831E694E5C007E1DEC /* TRZXRongIM_TestUITests.m in Sources */,
			);
			runOnlyForDeploymentPostprocessing = 0;
		};
/* End PBXSourcesBuildPhase section */

/* Begin PBXTargetDependency section */
		63D8A7751E694E5C007E1DEC /* PBXTargetDependency */ = {
			isa = PBXTargetDependency;
			target = 63D8A7591E694E5C007E1DEC /* TRZXRongIM_Test */;
			targetProxy = 63D8A7741E694E5C007E1DEC /* PBXContainerItemProxy */;
		};
		63D8A7801E694E5C007E1DEC /* PBXTargetDependency */ = {
			isa = PBXTargetDependency;
			target = 63D8A7591E694E5C007E1DEC /* TRZXRongIM_Test */;
			targetProxy = 63D8A77F1E694E5C007E1DEC /* PBXContainerItemProxy */;
		};
/* End PBXTargetDependency section */

/* Begin PBXVariantGroup section */
		63D8A7661E694E5C007E1DEC /* Main.storyboard */ = {
			isa = PBXVariantGroup;
			children = (
				63D8A7671E694E5C007E1DEC /* Base */,
			);
			name = Main.storyboard;
			sourceTree = "<group>";
		};
		63D8A76B1E694E5C007E1DEC /* LaunchScreen.storyboard */ = {
			isa = PBXVariantGroup;
			children = (
				63D8A76C1E694E5C007E1DEC /* Base */,
			);
			name = LaunchScreen.storyboard;
			sourceTree = "<group>";
		};
/* End PBXVariantGroup section */

/* Begin XCBuildConfiguration section */
		63D8A7851E694E5C007E1DEC /* Debug */ = {
			isa = XCBuildConfiguration;
			buildSettings = {
				ALWAYS_SEARCH_USER_PATHS = NO;
				CLANG_ANALYZER_NONNULL = YES;
				CLANG_CXX_LANGUAGE_STANDARD = "gnu++0x";
				CLANG_CXX_LIBRARY = "libc++";
				CLANG_ENABLE_MODULES = YES;
				CLANG_ENABLE_OBJC_ARC = YES;
				CLANG_WARN_BOOL_CONVERSION = YES;
				CLANG_WARN_CONSTANT_CONVERSION = YES;
				CLANG_WARN_DIRECT_OBJC_ISA_USAGE = YES_ERROR;
				CLANG_WARN_DOCUMENTATION_COMMENTS = YES;
				CLANG_WARN_EMPTY_BODY = YES;
				CLANG_WARN_ENUM_CONVERSION = YES;
				CLANG_WARN_INFINITE_RECURSION = YES;
				CLANG_WARN_INT_CONVERSION = YES;
				CLANG_WARN_OBJC_ROOT_CLASS = YES_ERROR;
				CLANG_WARN_SUSPICIOUS_MOVES = YES;
				CLANG_WARN_UNREACHABLE_CODE = YES;
				CLANG_WARN__DUPLICATE_METHOD_MATCH = YES;
				"CODE_SIGN_IDENTITY[sdk=iphoneos*]" = "iPhone Developer";
				COPY_PHASE_STRIP = NO;
				DEBUG_INFORMATION_FORMAT = dwarf;
				ENABLE_STRICT_OBJC_MSGSEND = YES;
				ENABLE_TESTABILITY = YES;
				GCC_C_LANGUAGE_STANDARD = gnu99;
				GCC_DYNAMIC_NO_PIC = NO;
				GCC_NO_COMMON_BLOCKS = YES;
				GCC_OPTIMIZATION_LEVEL = 0;
				GCC_PREPROCESSOR_DEFINITIONS = (
					"DEBUG=1",
					"$(inherited)",
				);
				GCC_WARN_64_TO_32_BIT_CONVERSION = YES;
				GCC_WARN_ABOUT_RETURN_TYPE = YES_ERROR;
				GCC_WARN_UNDECLARED_SELECTOR = YES;
				GCC_WARN_UNINITIALIZED_AUTOS = YES_AGGRESSIVE;
				GCC_WARN_UNUSED_FUNCTION = YES;
				GCC_WARN_UNUSED_VARIABLE = YES;
				IPHONEOS_DEPLOYMENT_TARGET = 10.0;
				MTL_ENABLE_DEBUG_INFO = YES;
				ONLY_ACTIVE_ARCH = YES;
				SDKROOT = iphoneos;
			};
			name = Debug;
		};
		63D8A7861E694E5C007E1DEC /* Release */ = {
			isa = XCBuildConfiguration;
			buildSettings = {
				ALWAYS_SEARCH_USER_PATHS = NO;
				CLANG_ANALYZER_NONNULL = YES;
				CLANG_CXX_LANGUAGE_STANDARD = "gnu++0x";
				CLANG_CXX_LIBRARY = "libc++";
				CLANG_ENABLE_MODULES = YES;
				CLANG_ENABLE_OBJC_ARC = YES;
				CLANG_WARN_BOOL_CONVERSION = YES;
				CLANG_WARN_CONSTANT_CONVERSION = YES;
				CLANG_WARN_DIRECT_OBJC_ISA_USAGE = YES_ERROR;
				CLANG_WARN_DOCUMENTATION_COMMENTS = YES;
				CLANG_WARN_EMPTY_BODY = YES;
				CLANG_WARN_ENUM_CONVERSION = YES;
				CLANG_WARN_INFINITE_RECURSION = YES;
				CLANG_WARN_INT_CONVERSION = YES;
				CLANG_WARN_OBJC_ROOT_CLASS = YES_ERROR;
				CLANG_WARN_SUSPICIOUS_MOVES = YES;
				CLANG_WARN_UNREACHABLE_CODE = YES;
				CLANG_WARN__DUPLICATE_METHOD_MATCH = YES;
				"CODE_SIGN_IDENTITY[sdk=iphoneos*]" = "iPhone Developer";
				COPY_PHASE_STRIP = NO;
				DEBUG_INFORMATION_FORMAT = "dwarf-with-dsym";
				ENABLE_NS_ASSERTIONS = NO;
				ENABLE_STRICT_OBJC_MSGSEND = YES;
				GCC_C_LANGUAGE_STANDARD = gnu99;
				GCC_NO_COMMON_BLOCKS = YES;
				GCC_WARN_64_TO_32_BIT_CONVERSION = YES;
				GCC_WARN_ABOUT_RETURN_TYPE = YES_ERROR;
				GCC_WARN_UNDECLARED_SELECTOR = YES;
				GCC_WARN_UNINITIALIZED_AUTOS = YES_AGGRESSIVE;
				GCC_WARN_UNUSED_FUNCTION = YES;
				GCC_WARN_UNUSED_VARIABLE = YES;
				IPHONEOS_DEPLOYMENT_TARGET = 10.0;
				MTL_ENABLE_DEBUG_INFO = NO;
				SDKROOT = iphoneos;
				VALIDATE_PRODUCT = YES;
			};
			name = Release;
		};
		63D8A7881E694E5C007E1DEC /* Debug */ = {
			isa = XCBuildConfiguration;
			baseConfigurationReference = 3878179CD23DD3961702602C /* Pods-TRZXRongIM_Test.debug.xcconfig */;
			buildSettings = {
				ASSETCATALOG_COMPILER_APPICON_NAME = AppIcon;
				DEVELOPMENT_TEAM = CKV6XJ8B2K;
				INFOPLIST_FILE = TRZXRongIM_Test/Info.plist;
				LD_RUNPATH_SEARCH_PATHS = "$(inherited) @executable_path/Frameworks";
				PRODUCT_BUNDLE_IDENTIFIER = "Dujianhai.TRZXRongIM-Test";
				PRODUCT_NAME = "$(TARGET_NAME)";
			};
			name = Debug;
		};
		63D8A7891E694E5C007E1DEC /* Release */ = {
			isa = XCBuildConfiguration;
			baseConfigurationReference = 9E718F3C162B64E1239406D1 /* Pods-TRZXRongIM_Test.release.xcconfig */;
			buildSettings = {
				ASSETCATALOG_COMPILER_APPICON_NAME = AppIcon;
				DEVELOPMENT_TEAM = CKV6XJ8B2K;
				INFOPLIST_FILE = TRZXRongIM_Test/Info.plist;
				LD_RUNPATH_SEARCH_PATHS = "$(inherited) @executable_path/Frameworks";
				PRODUCT_BUNDLE_IDENTIFIER = "Dujianhai.TRZXRongIM-Test";
				PRODUCT_NAME = "$(TARGET_NAME)";
			};
			name = Release;
		};
		63D8A78B1E694E5C007E1DEC /* Debug */ = {
			isa = XCBuildConfiguration;
			buildSettings = {
				BUNDLE_LOADER = "$(TEST_HOST)";
				INFOPLIST_FILE = TRZXRongIM_TestTests/Info.plist;
				LD_RUNPATH_SEARCH_PATHS = "$(inherited) @executable_path/Frameworks @loader_path/Frameworks";
				PRODUCT_BUNDLE_IDENTIFIER = "Dujianhai.TRZXRongIM-TestTests";
				PRODUCT_NAME = "$(TARGET_NAME)";
				TEST_HOST = "$(BUILT_PRODUCTS_DIR)/TRZXRongIM_Test.app/TRZXRongIM_Test";
			};
			name = Debug;
		};
		63D8A78C1E694E5C007E1DEC /* Release */ = {
			isa = XCBuildConfiguration;
			buildSettings = {
				BUNDLE_LOADER = "$(TEST_HOST)";
				INFOPLIST_FILE = TRZXRongIM_TestTests/Info.plist;
				LD_RUNPATH_SEARCH_PATHS = "$(inherited) @executable_path/Frameworks @loader_path/Frameworks";
				PRODUCT_BUNDLE_IDENTIFIER = "Dujianhai.TRZXRongIM-TestTests";
				PRODUCT_NAME = "$(TARGET_NAME)";
				TEST_HOST = "$(BUILT_PRODUCTS_DIR)/TRZXRongIM_Test.app/TRZXRongIM_Test";
			};
			name = Release;
		};
		63D8A78E1E694E5C007E1DEC /* Debug */ = {
			isa = XCBuildConfiguration;
			buildSettings = {
				INFOPLIST_FILE = TRZXRongIM_TestUITests/Info.plist;
				LD_RUNPATH_SEARCH_PATHS = "$(inherited) @executable_path/Frameworks @loader_path/Frameworks";
				PRODUCT_BUNDLE_IDENTIFIER = "Dujianhai.TRZXRongIM-TestUITests";
				PRODUCT_NAME = "$(TARGET_NAME)";
				TEST_TARGET_NAME = TRZXRongIM_Test;
			};
			name = Debug;
		};
		63D8A78F1E694E5C007E1DEC /* Release */ = {
			isa = XCBuildConfiguration;
			buildSettings = {
				INFOPLIST_FILE = TRZXRongIM_TestUITests/Info.plist;
				LD_RUNPATH_SEARCH_PATHS = "$(inherited) @executable_path/Frameworks @loader_path/Frameworks";
				PRODUCT_BUNDLE_IDENTIFIER = "Dujianhai.TRZXRongIM-TestUITests";
				PRODUCT_NAME = "$(TARGET_NAME)";
				TEST_TARGET_NAME = TRZXRongIM_Test;
			};
			name = Release;
		};
/* End XCBuildConfiguration section */

/* Begin XCConfigurationList section */
		63D8A7551E694E5C007E1DEC /* Build configuration list for PBXProject "TRZXRongIM_Test" */ = {
			isa = XCConfigurationList;
			buildConfigurations = (
				63D8A7851E694E5C007E1DEC /* Debug */,
				63D8A7861E694E5C007E1DEC /* Release */,
			);
			defaultConfigurationIsVisible = 0;
			defaultConfigurationName = Release;
		};
		63D8A7871E694E5C007E1DEC /* Build configuration list for PBXNativeTarget "TRZXRongIM_Test" */ = {
			isa = XCConfigurationList;
			buildConfigurations = (
				63D8A7881E694E5C007E1DEC /* Debug */,
				63D8A7891E694E5C007E1DEC /* Release */,
			);
			defaultConfigurationIsVisible = 0;
		};
		63D8A78A1E694E5C007E1DEC /* Build configuration list for PBXNativeTarget "TRZXRongIM_TestTests" */ = {
			isa = XCConfigurationList;
			buildConfigurations = (
				63D8A78B1E694E5C007E1DEC /* Debug */,
				63D8A78C1E694E5C007E1DEC /* Release */,
			);
			defaultConfigurationIsVisible = 0;
		};
		63D8A78D1E694E5C007E1DEC /* Build configuration list for PBXNativeTarget "TRZXRongIM_TestUITests" */ = {
			isa = XCConfigurationList;
			buildConfigurations = (
				63D8A78E1E694E5C007E1DEC /* Debug */,
				63D8A78F1E694E5C007E1DEC /* Release */,
			);
			defaultConfigurationIsVisible = 0;
		};
/* End XCConfigurationList section */
	};
	rootObject = 63D8A7521E694E5C007E1DEC /* Project object */;
}
